
Microsoft Visual Studio Solution File, Format Version 12.00
# Visual Studio Version 17
VisualStudioVersion = 17.6.33723.286
MinimumVisualStudioVersion = 10.0.40219.1
Project("{FAE04EC0-301F-11D3-BF4B-00C04F79EFBC}") = "pHCalculatorApp", "pHCalculatorApp\pHCalculatorApp.csproj", "{3403A0BE-1FBB-4005-94E3-613B838AAB0C}"
EndProject
Global
	GlobalSection(SolutionConfigurationPlatforms) = preSolution
		Debug|Any CPU = Debug|Any CPU
		Release|Any CPU = Release|Any CPU
	EndGlobalSection
	GlobalSection(ProjectConfigurationPlatforms) = postSolution
		{3403A0BE-1FBB-4005-94E3-613B838AAB0C}.Debug|Any CPU.ActiveCfg = Debug|Any CPU
		{3403A0BE-1FBB-4005-94E3-613B838AAB0C}.Debug|Any CPU.Build.0 = Debug|Any CPU
		{3403A0BE-1FBB-4005-94E3-613B838AAB0C}.Release|Any CPU.ActiveCfg = Release|Any CPU
		{3403A0BE-1FBB-4005-94E3-613B838AAB0C}.Release|Any CPU.Build.0 = Release|Any CPU
	EndGlobalSection
	GlobalSection(SolutionProperties) = preSolution
		HideSolutionNode = FALSE
	EndGlobalSection
	GlobalSection(ExtensibilityGlobals) = postSolution
		SolutionGuid = {08F8443A-0EEF-4FC3-B3B7-20DBD34BBA07}
	EndGlobalSection
EndGlobal
